
Microsoft Visual Studio Solution File, Format Version 12.00
# Visual Studio Version 17
VisualStudioVersion = 17.1.32328.378
MinimumVisualStudioVersion = 10.0.40219.1
Project("{9A19103F-16F7-4668-BE54-9A1E7A4F7556}") = "LightIntervalTree", "LightIntervalTree\LightIntervalTree.csproj", "{0F151482-D31A-4848-A191-6630A4905197}"
EndProject
Project("{9A19103F-16F7-4668-BE54-9A1E7A4F7556}") = "Benchmark", "Benchmark\Benchmark.csproj", "{31057C6A-2476-40B7-965B-6604FBD97683}"
EndProject
Project("{9A19103F-16F7-4668-BE54-9A1E7A4F7556}") = "Tests", "Tests\Tests.csproj", "{79A934D1-E699-490C-8C40-B3598B64BFE7}"
EndProject
Project("{9A19103F-16F7-4668-BE54-9A1E7A4F7556}") = "IntervalTree", "..\RangeTree\IntervalTree\IntervalTree.csproj", "{85C38F6C-19CB-4248-9E57-C2CBC3399778}"
EndProject
Project("{FAE04EC0-301F-11D3-BF4B-00C04F79EFBC}") = "TestConsole", "TestConsole\TestConsole.csproj", "{86FD38E6-F284-4B74-9B2D-7402CD7FFC72}"
EndProject
Global
	GlobalSection(SolutionConfigurationPlatforms) = preSolution
		Debug|Any CPU = Debug|Any CPU
		Release|Any CPU = Release|Any CPU
	EndGlobalSection
	GlobalSection(ProjectConfigurationPlatforms) = postSolution
		{0F151482-D31A-4848-A191-6630A4905197}.Debug|Any CPU.ActiveCfg = Debug|Any CPU
		{0F151482-D31A-4848-A191-6630A4905197}.Debug|Any CPU.Build.0 = Debug|Any CPU
		{0F151482-D31A-4848-A191-6630A4905197}.Release|Any CPU.ActiveCfg = Release|Any CPU
		{0F151482-D31A-4848-A191-6630A4905197}.Release|Any CPU.Build.0 = Release|Any CPU
		{31057C6A-2476-40B7-965B-6604FBD97683}.Debug|Any CPU.ActiveCfg = Debug|Any CPU
		{31057C6A-2476-40B7-965B-6604FBD97683}.Debug|Any CPU.Build.0 = Debug|Any CPU
		{31057C6A-2476-40B7-965B-6604FBD97683}.Release|Any CPU.ActiveCfg = Release|Any CPU
		{31057C6A-2476-40B7-965B-6604FBD97683}.Release|Any CPU.Build.0 = Release|Any CPU
		{79A934D1-E699-490C-8C40-B3598B64BFE7}.Debug|Any CPU.ActiveCfg = Debug|Any CPU
		{79A934D1-E699-490C-8C40-B3598B64BFE7}.Debug|Any CPU.Build.0 = Debug|Any CPU
		{79A934D1-E699-490C-8C40-B3598B64BFE7}.Release|Any CPU.ActiveCfg = Release|Any CPU
		{79A934D1-E699-490C-8C40-B3598B64BFE7}.Release|Any CPU.Build.0 = Release|Any CPU
		{85C38F6C-19CB-4248-9E57-C2CBC3399778}.Debug|Any CPU.ActiveCfg = Debug|Any CPU
		{85C38F6C-19CB-4248-9E57-C2CBC3399778}.Debug|Any CPU.Build.0 = Debug|Any CPU
		{85C38F6C-19CB-4248-9E57-C2CBC3399778}.Release|Any CPU.ActiveCfg = Release|Any CPU
		{85C38F6C-19CB-4248-9E57-C2CBC3399778}.Release|Any CPU.Build.0 = Release|Any CPU
		{86FD38E6-F284-4B74-9B2D-7402CD7FFC72}.Debug|Any CPU.ActiveCfg = Debug|Any CPU
		{86FD38E6-F284-4B74-9B2D-7402CD7FFC72}.Debug|Any CPU.Build.0 = Debug|Any CPU
		{86FD38E6-F284-4B74-9B2D-7402CD7FFC72}.Release|Any CPU.ActiveCfg = Release|Any CPU
		{86FD38E6-F284-4B74-9B2D-7402CD7FFC72}.Release|Any CPU.Build.0 = Release|Any CPU
	EndGlobalSection
	GlobalSection(SolutionProperties) = preSolution
		HideSolutionNode = FALSE
	EndGlobalSection
	GlobalSection(ExtensibilityGlobals) = postSolution
		SolutionGuid = {BA65CC01-6535-4B96-8417-923D99E5B135}
	EndGlobalSection
EndGlobal
